
Microsoft Visual Studio Solution File, Format Version 12.00
# Visual Studio Version 16
VisualStudioVersion = 16.0.35325.158
MinimumVisualStudioVersion = 10.0.40219.1
Project("{FAE04EC0-301F-11D3-BF4B-00C04F79EFBC}") = "vva-aspnetcore-k22cnt1", "vva-aspnetcore-k22cnt1\vva-aspnetcore-k22cnt1.csproj", "{E672B0FC-F150-4460-9F5F-C2DDE1EE5DDF}"
EndProject
Global
	GlobalSection(SolutionConfigurationPlatforms) = preSolution
		Debug|Any CPU = Debug|Any CPU
		Release|Any CPU = Release|Any CPU
	EndGlobalSection
	GlobalSection(ProjectConfigurationPlatforms) = postSolution
		{E672B0FC-F150-4460-9F5F-C2DDE1EE5DDF}.Debug|Any CPU.ActiveCfg = Debug|Any CPU
		{E672B0FC-F150-4460-9F5F-C2DDE1EE5DDF}.Debug|Any CPU.Build.0 = Debug|Any CPU
		{E672B0FC-F150-4460-9F5F-C2DDE1EE5DDF}.Release|Any CPU.ActiveCfg = Release|Any CPU
		{E672B0FC-F150-4460-9F5F-C2DDE1EE5DDF}.Release|Any CPU.Build.0 = Release|Any CPU
	EndGlobalSection
	GlobalSection(SolutionProperties) = preSolution
		HideSolutionNode = FALSE
	EndGlobalSection
	GlobalSection(ExtensibilityGlobals) = postSolution
		SolutionGuid = {6BBB28FB-8E08-4049-9DAC-567EE4013373}
	EndGlobalSection
EndGlobal
